PODS:
  - DevCycle (1.7.1):
    - LDSwiftEventSource (~> 3.0)
  - devcycle_flutter_client_sdk (0.0.1):
    - DevCycle (= 1.7.1)
    - Flutter
  - Flutter (1.0.0)
  - LDSwiftEventSource (3.0.0)

DEPENDENCIES:
  - devcycle_flutter_client_sdk (from `.symlinks/plugins/devcycle_flutter_client_sdk/ios`)
  - Flutter (from `Flutter`)

SPEC REPOS:
  trunk:
    - DevCycle
    - LDSwiftEventSource

EXTERNAL SOURCES:
  devcycle_flutter_client_sdk:
    :path: ".symlinks/plugins/devcycle_flutter_client_sdk/ios"
  Flutter:
    :path: Flutter

SPEC CHECKSUMS:
  DevCycle: 965cdda5fdcf528cd112dbf51963eeb3f27f419c
  devcycle_flutter_client_sdk: 22fff5eba440c0d28c139f04b5a83cd7ed3cc989
  Flutter: f04841e97a9d0b0a8025694d0796dd46242b2854
  LDSwiftEventSource: 824ce51a4fa8e79498c9b67ae672bfa802bd7464

PODFILE CHECKSUM: 4e8f8b2be68aeea4c0d5beb6ff1e79fface1d048

COCOAPODS: 1.11.3
