PODS:
  - DevCycle (1.11.0):
    - LDSwiftEventSource (~> 3.0)
  - devcycle_flutter_client_sdk (0.0.1):
    - DevCycle (= 1.11.0)
    - Flutter
  - Flutter (1.0.0)
  - LDSwiftEventSource (3.0.0)

DEPENDENCIES:
  - devcycle_flutter_client_sdk (from `.symlinks/plugins/devcycle_flutter_client_sdk/ios`)
  - Flutter (from `Flutter`)

SPEC REPOS:
  trunk:
    - DevCycle
    - LDSwiftEventSource

EXTERNAL SOURCES:
  devcycle_flutter_client_sdk:
    :path: ".symlinks/plugins/devcycle_flutter_client_sdk/ios"
  Flutter:
    :path: Flutter

SPEC CHECKSUMS:
  DevCycle: 16a55e9a39439d05d6e5923d6494c911c66caab5
  devcycle_flutter_client_sdk: 139eaec22e49aa70373793487980406e513de607
  Flutter: f04841e97a9d0b0a8025694d0796dd46242b2854
  LDSwiftEventSource: 824ce51a4fa8e79498c9b67ae672bfa802bd7464

PODFILE CHECKSUM: 4e8f8b2be68aeea4c0d5beb6ff1e79fface1d048

COCOAPODS: 1.11.3
