PODS:
  - DevCycle (1.21.0):
    - LDSwiftEventSource (~> 3.3)
  - devcycle_flutter_client_sdk (1.10.0):
    - DevCycle (= 1.21.0)
    - Flutter
  - Flutter (1.0.0)
  - LDSwiftEventSource (3.3.0)

DEPENDENCIES:
  - devcycle_flutter_client_sdk (from `.symlinks/plugins/devcycle_flutter_client_sdk/ios`)
  - Flutter (from `Flutter`)

SPEC REPOS:
  trunk:
    - DevCycle
    - LDSwiftEventSource

EXTERNAL SOURCES:
  devcycle_flutter_client_sdk:
    :path: ".symlinks/plugins/devcycle_flutter_client_sdk/ios"
  Flutter:
    :path: Flutter

SPEC CHECKSUMS:
  DevCycle: 656292a14a53a9f0a86454da8dc621e174df3cb1
  devcycle_flutter_client_sdk: 27814f0c84de42c3d4129fb0e82306497c48e327
  Flutter: e0871f40cf51350855a761d2e70bf5af5b9b5de7
  LDSwiftEventSource: b0826ca826ca890609a9833a05cae1f357fd3b99

PODFILE CHECKSUM: 4e8f8b2be68aeea4c0d5beb6ff1e79fface1d048

COCOAPODS: 1.16.2
